// !$*UTF8*$!
{
	archiveVersion = 1;
	classes = {
	};
	objectVersion = 55;
	objects = {

/* Begin PBXBuildFile section */
		8403B3DC284F21AC00DC9392 /* String+SizeWidth.swift in Sources */ = {isa = PBXBuildFile; fileRef = 8403B3DB284F21AC00DC9392 /* String+SizeWidth.swift */; };
		8403B3DE2851D6DC00DC9392 /* ExampleViewController.swift in Sources */ = {isa = PBXBuildFile; fileRef = 8403B3DD2851D6DC00DC9392 /* ExampleViewController.swift */; };
		8416959F283D2F8A00506A9D /* Product.swift in Sources */ = {isa = PBXBuildFile; fileRef = 8416959E283D2F8A00506A9D /* Product.swift */; };
		84225122283517310021EB9A /* CathalogViewController.swift in Sources */ = {isa = PBXBuildFile; fileRef = 84225121283517310021EB9A /* CathalogViewController.swift */; };
		842251242835175D0021EB9A /* CartViewController.swift in Sources */ = {isa = PBXBuildFile; fileRef = 842251232835175D0021EB9A /* CartViewController.swift */; };
		84225126283517690021EB9A /* ProfileViewController.swift in Sources */ = {isa = PBXBuildFile; fileRef = 84225125283517690021EB9A /* ProfileViewController.swift */; };
		843F313028A0F0F500E0C44A /* ListOfProductsTableViewCell.swift in Sources */ = {isa = PBXBuildFile; fileRef = 843F312E28A0F0F500E0C44A /* ListOfProductsTableViewCell.swift */; };
		843F313128A0F0F500E0C44A /* ListOfProductsTableViewCell.xib in Resources */ = {isa = PBXBuildFile; fileRef = 843F312F28A0F0F500E0C44A /* ListOfProductsTableViewCell.xib */; };
		843F313328A662BE00E0C44A /* ProfileDetailsViewController.swift in Sources */ = {isa = PBXBuildFile; fileRef = 843F313228A662BE00E0C44A /* ProfileDetailsViewController.swift */; };
		843F313528AA3D1300E0C44A /* ClientInformation.swift in Sources */ = {isa = PBXBuildFile; fileRef = 843F313428AA3D1200E0C44A /* ClientInformation.swift */; };
		843F317428AB64EB00E0C44A /* ProfileDetailTableViewCell.swift in Sources */ = {isa = PBXBuildFile; fileRef = 843F317228AB64EB00E0C44A /* ProfileDetailTableViewCell.swift */; };
		843F317528AB64EB00E0C44A /* ProfileDetailTableViewCell.xib in Resources */ = {isa = PBXBuildFile; fileRef = 843F317328AB64EB00E0C44A /* ProfileDetailTableViewCell.xib */; };
		844A2F122859EFA4007D4AAE /* OrderTableViewCell.swift in Sources */ = {isa = PBXBuildFile; fileRef = 844A2F102859EFA4007D4AAE /* OrderTableViewCell.swift */; };
		844A2F132859EFA4007D4AAE /* OrderTableViewCell.xib in Resources */ = {isa = PBXBuildFile; fileRef = 844A2F112859EFA4007D4AAE /* OrderTableViewCell.xib */; };
		8462903F288813AF00AF7D30 /* TwoCellsTableViewCell.swift in Sources */ = {isa = PBXBuildFile; fileRef = 8462903D288813AF00AF7D30 /* TwoCellsTableViewCell.swift */; };
		84629040288813AF00AF7D30 /* TwoCellsTableViewCell.xib in Resources */ = {isa = PBXBuildFile; fileRef = 8462903E288813AF00AF7D30 /* TwoCellsTableViewCell.xib */; };
		847538FA283465B400CCFF90 /* AppDelegate.swift in Sources */ = {isa = PBXBuildFile; fileRef = 847538F9283465B400CCFF90 /* AppDelegate.swift */; };
		847538FC283465B400CCFF90 /* SceneDelegate.swift in Sources */ = {isa = PBXBuildFile; fileRef = 847538FB283465B400CCFF90 /* SceneDelegate.swift */; };
		847538FE283465B400CCFF90 /* AuthorizationViewController.swift in Sources */ = {isa = PBXBuildFile; fileRef = 847538FD283465B400CCFF90 /* AuthorizationViewController.swift */; };
		84753901283465B400CCFF90 /* Main.storyboard in Resources */ = {isa = PBXBuildFile; fileRef = 847538FF283465B400CCFF90 /* Main.storyboard */; };
		84753903283465B700CCFF90 /* Assets.xcassets in Resources */ = {isa = PBXBuildFile; fileRef = 84753902283465B700CCFF90 /* Assets.xcassets */; };
		84753906283465B700CCFF90 /* LaunchScreen.storyboard in Resources */ = {isa = PBXBuildFile; fileRef = 84753904283465B700CCFF90 /* LaunchScreen.storyboard */; };
		84753911283465B700CCFF90 /* Food_ApplicationTests.swift in Sources */ = {isa = PBXBuildFile; fileRef = 84753910283465B700CCFF90 /* Food_ApplicationTests.swift */; };
		8475391B283465B700CCFF90 /* Food_ApplicationUITests.swift in Sources */ = {isa = PBXBuildFile; fileRef = 8475391A283465B700CCFF90 /* Food_ApplicationUITests.swift */; };
		8475391D283465B700CCFF90 /* Food_ApplicationUITestsLaunchTests.swift in Sources */ = {isa = PBXBuildFile; fileRef = 8475391C283465B700CCFF90 /* Food_ApplicationUITestsLaunchTests.swift */; };
		8475392C28346D6E00CCFF90 /* RegistrationViewController.swift in Sources */ = {isa = PBXBuildFile; fileRef = 8475392B28346D6E00CCFF90 /* RegistrationViewController.swift */; };
		847DE30C286D9D8300E56B09 /* CathalogViewModel.swift in Sources */ = {isa = PBXBuildFile; fileRef = 847DE30B286D9D8300E56B09 /* CathalogViewModel.swift */; };
		847DE35828741BEF00E56B09 /* SkeletonView in Frameworks */ = {isa = PBXBuildFile; productRef = 847DE35728741BEF00E56B09 /* SkeletonView */; };
		849CD0582876F02F0032619E /* SplashViewController.swift in Sources */ = {isa = PBXBuildFile; fileRef = 849CD0572876F02F0032619E /* SplashViewController.swift */; };
		849CD05A2876F0B20032619E /* SplashPresenter.swift in Sources */ = {isa = PBXBuildFile; fileRef = 849CD0592876F0B20032619E /* SplashPresenter.swift */; };
		849CD05C2876F1270032619E /* SplashAnimator.swift in Sources */ = {isa = PBXBuildFile; fileRef = 849CD05B2876F1270032619E /* SplashAnimator.swift */; };
		849CD05E287703A70032619E /* MainTabBarViewController.swift in Sources */ = {isa = PBXBuildFile; fileRef = 849CD05D287703A70032619E /* MainTabBarViewController.swift */; };
		849CD060287722840032619E /* LoadingViewController.swift in Sources */ = {isa = PBXBuildFile; fileRef = 849CD05F287722840032619E /* LoadingViewController.swift */; };
		849CD0622877231F0032619E /* NavigationManager.swift in Sources */ = {isa = PBXBuildFile; fileRef = 849CD0612877231F0032619E /* NavigationManager.swift */; };
		849CD0662878235D0032619E /* Menu.swift in Sources */ = {isa = PBXBuildFile; fileRef = 849CD0652878235D0032619E /* Menu.swift */; };
		84C0FA692844AA7E006D89C9 /* DetailViewController.swift in Sources */ = {isa = PBXBuildFile; fileRef = 84C0FA682844AA7E006D89C9 /* DetailViewController.swift */; };
		84C0FA792847C52C006D89C9 /* ListOfTheProductsCell.swift in Sources */ = {isa = PBXBuildFile; fileRef = 84C0FA772847C52C006D89C9 /* ListOfTheProductsCell.swift */; };
		84C0FA7A2847C52C006D89C9 /* ListOfTheProductsCell.xib in Resources */ = {isa = PBXBuildFile; fileRef = 84C0FA782847C52C006D89C9 /* ListOfTheProductsCell.xib */; };
		84C0FA7D284A38CE006D89C9 /* DetailViewModel.swift in Sources */ = {isa = PBXBuildFile; fileRef = 84C0FA7C284A38CE006D89C9 /* DetailViewModel.swift */; };
		84C0FA7F284BB2E7006D89C9 /* CartViewModel.swift in Sources */ = {isa = PBXBuildFile; fileRef = 84C0FA7E284BB2E7006D89C9 /* CartViewModel.swift */; };
		84C0FA82284BB367006D89C9 /* Position.swift in Sources */ = {isa = PBXBuildFile; fileRef = 84C0FA81284BB367006D89C9 /* Position.swift */; };
		84C0FA85284DCBE7006D89C9 /* PositionCollectionViewCell.swift in Sources */ = {isa = PBXBuildFile; fileRef = 84C0FA83284DCBE7006D89C9 /* PositionCollectionViewCell.swift */; };
		84C0FA86284DCBE7006D89C9 /* PositionCollectionViewCell.xib in Resources */ = {isa = PBXBuildFile; fileRef = 84C0FA84284DCBE7006D89C9 /* PositionCollectionViewCell.xib */; };
		84D14F022857592700C52832 /* Order.swift in Sources */ = {isa = PBXBuildFile; fileRef = 84D14F012857592700C52832 /* Order.swift */; };
		84D14F0428576E1A00C52832 /* OrderStatus.swift in Sources */ = {isa = PBXBuildFile; fileRef = 84D14F0328576E1A00C52832 /* OrderStatus.swift */; };
		84D902D22853629900B47152 /* GoogleService-Info.plist in Resources */ = {isa = PBXBuildFile; fileRef = 84D902D12853629900B47152 /* GoogleService-Info.plist */; };
		84D902D5285368C300B47152 /* FirebaseAuth in Frameworks */ = {isa = PBXBuildFile; productRef = 84D902D4285368C300B47152 /* FirebaseAuth */; };
		84D902D7285368C300B47152 /* FirebaseFirestore in Frameworks */ = {isa = PBXBuildFile; productRef = 84D902D6285368C300B47152 /* FirebaseFirestore */; };
		84D902D9285368C300B47152 /* FirebaseStorage in Frameworks */ = {isa = PBXBuildFile; productRef = 84D902D8285368C300B47152 /* FirebaseStorage */; };
		84D902DC2853824100B47152 /* AuthService.swift in Sources */ = {isa = PBXBuildFile; fileRef = 84D902DB2853824000B47152 /* AuthService.swift */; };
		84D902DE28547A0300B47152 /* MainTabBarViewModel.swift in Sources */ = {isa = PBXBuildFile; fileRef = 84D902DD28547A0300B47152 /* MainTabBarViewModel.swift */; };
		84D902E028547F8300B47152 /* FirebaseUser.swift in Sources */ = {isa = PBXBuildFile; fileRef = 84D902DF28547F8300B47152 /* FirebaseUser.swift */; };
		84D902E22854808300B47152 /* DatabaseService.swift in Sources */ = {isa = PBXBuildFile; fileRef = 84D902E12854808300B47152 /* DatabaseService.swift */; };
		84D902E42855CB0800B47152 /* ProfileViewModel.swift in Sources */ = {isa = PBXBuildFile; fileRef = 84D902E32855CB0800B47152 /* ProfileViewModel.swift */; };
		84E7E5A9287EABB500ACE20F /* Utilities.swift in Sources */ = {isa = PBXBuildFile; fileRef = 84E7E5A8287EABB500ACE20F /* Utilities.swift */; };
		84E7E5AC2884337100ACE20F /* ProductListCollectionViewCell.swift in Sources */ = {isa = PBXBuildFile; fileRef = 84E7E5AA2884336F00ACE20F /* ProductListCollectionViewCell.swift */; };
		84E7E5AD2884337100ACE20F /* ProductListCollectionViewCell.xib in Resources */ = {isa = PBXBuildFile; fileRef = 84E7E5AB2884337000ACE20F /* ProductListCollectionViewCell.xib */; };
		84E7E5B02886CBDA00ACE20F /* ChooseCollectionViewCell.swift in Sources */ = {isa = PBXBuildFile; fileRef = 84E7E5AE2886CBDA00ACE20F /* ChooseCollectionViewCell.swift */; };
		84E7E5B12886CBDA00ACE20F /* ChooseCollectionViewCell.xib in Resources */ = {isa = PBXBuildFile; fileRef = 84E7E5AF2886CBDA00ACE20F /* ChooseCollectionViewCell.xib */; };
/* End PBXBuildFile section */

/* Begin PBXContainerItemProxy section */
		8475390D283465B700CCFF90 /* PBXContainerItemProxy */ = {
			isa = PBXContainerItemProxy;
			containerPortal = 847538EE283465B400CCFF90 /* Project object */;
			proxyType = 1;
			remoteGlobalIDString = 847538F5283465B400CCFF90;
			remoteInfo = "Food Application";
		};
		84753917283465B700CCFF90 /* PBXContainerItemProxy */ = {
			isa = PBXContainerItemProxy;
			containerPortal = 847538EE283465B400CCFF90 /* Project object */;
			proxyType = 1;
			remoteGlobalIDString = 847538F5283465B400CCFF90;
			remoteInfo = "Food Application";
		};
/* End PBXContainerItemProxy section */

/* Begin PBXFileReference section */
		8403B3DB284F21AC00DC9392 /* String+SizeWidth.swift */ = {isa = PBXFileReference; lastKnownFileType = sourcecode.swift; path = "String+SizeWidth.swift"; sourceTree = "<group>"; };
		8403B3DD2851D6DC00DC9392 /* ExampleViewController.swift */ = {isa = PBXFileReference; lastKnownFileType = sourcecode.swift; path = ExampleViewController.swift; sourceTree = "<group>"; };
		8416959E283D2F8A00506A9D /* Product.swift */ = {isa = PBXFileReference; lastKnownFileType = sourcecode.swift; path = Product.swift; sourceTree = "<group>"; };
		84225121283517310021EB9A /* CathalogViewController.swift */ = {isa = PBXFileReference; lastKnownFileType = sourcecode.swift; path = CathalogViewController.swift; sourceTree = "<group>"; };
		842251232835175D0021EB9A /* CartViewController.swift */ = {isa = PBXFileReference; lastKnownFileType = sourcecode.swift; path = CartViewController.swift; sourceTree = "<group>"; };
		84225125283517690021EB9A /* ProfileViewController.swift */ = {isa = PBXFileReference; lastKnownFileType = sourcecode.swift; path = ProfileViewController.swift; sourceTree = "<group>"; };
		843F312E28A0F0F500E0C44A /* ListOfProductsTableViewCell.swift */ = {isa = PBXFileReference; lastKnownFileType = sourcecode.swift; path = ListOfProductsTableViewCell.swift; sourceTree = "<group>"; };
		843F312F28A0F0F500E0C44A /* ListOfProductsTableViewCell.xib */ = {isa = PBXFileReference; lastKnownFileType = file.xib; path = ListOfProductsTableViewCell.xib; sourceTree = "<group>"; };
		843F313228A662BE00E0C44A /* ProfileDetailsViewController.swift */ = {isa = PBXFileReference; lastKnownFileType = sourcecode.swift; path = ProfileDetailsViewController.swift; sourceTree = "<group>"; };
		843F313428AA3D1200E0C44A /* ClientInformation.swift */ = {isa = PBXFileReference; lastKnownFileType = sourcecode.swift; path = ClientInformation.swift; sourceTree = "<group>"; };
		843F317228AB64EB00E0C44A /* ProfileDetailTableViewCell.swift */ = {isa = PBXFileReference; lastKnownFileType = sourcecode.swift; path = ProfileDetailTableViewCell.swift; sourceTree = "<group>"; };
		843F317328AB64EB00E0C44A /* ProfileDetailTableViewCell.xib */ = {isa = PBXFileReference; lastKnownFileType = file.xib; path = ProfileDetailTableViewCell.xib; sourceTree = "<group>"; };
		844A2F102859EFA4007D4AAE /* OrderTableViewCell.swift */ = {isa = PBXFileReference; lastKnownFileType = sourcecode.swift; path = OrderTableViewCell.swift; sourceTree = "<group>"; };
		844A2F112859EFA4007D4AAE /* OrderTableViewCell.xib */ = {isa = PBXFileReference; lastKnownFileType = file.xib; path = OrderTableViewCell.xib; sourceTree = "<group>"; };
		8462903D288813AF00AF7D30 /* TwoCellsTableViewCell.swift */ = {isa = PBXFileReference; lastKnownFileType = sourcecode.swift; path = TwoCellsTableViewCell.swift; sourceTree = "<group>"; };
		8462903E288813AF00AF7D30 /* TwoCellsTableViewCell.xib */ = {isa = PBXFileReference; lastKnownFileType = file.xib; path = TwoCellsTableViewCell.xib; sourceTree = "<group>"; };
		847538F6283465B400CCFF90 /* Food Application.app */ = {isa = PBXFileReference; explicitFileType = wrapper.application; includeInIndex = 0; path = "Food Application.app"; sourceTree = BUILT_PRODUCTS_DIR; };
		847538F9283465B400CCFF90 /* AppDelegate.swift */ = {isa = PBXFileReference; lastKnownFileType = sourcecode.swift; path = AppDelegate.swift; sourceTree = "<group>"; };
		847538FB283465B400CCFF90 /* SceneDelegate.swift */ = {isa = PBXFileReference; lastKnownFileType = sourcecode.swift; path = SceneDelegate.swift; sourceTree = "<group>"; };
		847538FD283465B400CCFF90 /* AuthorizationViewController.swift */ = {isa = PBXFileReference; lastKnownFileType = sourcecode.swift; path = AuthorizationViewController.swift; sourceTree = "<group>"; };
		84753900283465B400CCFF90 /* Base */ = {isa = PBXFileReference; lastKnownFileType = file.storyboard; name = Base; path = Base.lproj/Main.storyboard; sourceTree = "<group>"; };
		84753902283465B700CCFF90 /* Assets.xcassets */ = {isa = PBXFileReference; lastKnownFileType = folder.assetcatalog; path = Assets.xcassets; sourceTree = "<group>"; };
		84753905283465B700CCFF90 /* Base */ = {isa = PBXFileReference; lastKnownFileType = file.storyboard; name = Base; path = Base.lproj/LaunchScreen.storyboard; sourceTree = "<group>"; };
		84753907283465B700CCFF90 /* Info.plist */ = {isa = PBXFileReference; lastKnownFileType = text.plist.xml; path = Info.plist; sourceTree = "<group>"; };
		8475390C283465B700CCFF90 /* Food ApplicationTests.xctest */ = {isa = PBXFileReference; explicitFileType = wrapper.cfbundle; includeInIndex = 0; path = "Food ApplicationTests.xctest"; sourceTree = BUILT_PRODUCTS_DIR; };
		84753910283465B700CCFF90 /* Food_ApplicationTests.swift */ = {isa = PBXFileReference; lastKnownFileType = sourcecode.swift; path = Food_ApplicationTests.swift; sourceTree = "<group>"; };
		84753916283465B700CCFF90 /* Food ApplicationUITests.xctest */ = {isa = PBXFileReference; explicitFileType = wrapper.cfbundle; includeInIndex = 0; path = "Food ApplicationUITests.xctest"; sourceTree = BUILT_PRODUCTS_DIR; };
		8475391A283465B700CCFF90 /* Food_ApplicationUITests.swift */ = {isa = PBXFileReference; lastKnownFileType = sourcecode.swift; path = Food_ApplicationUITests.swift; sourceTree = "<group>"; };
		8475391C283465B700CCFF90 /* Food_ApplicationUITestsLaunchTests.swift */ = {isa = PBXFileReference; lastKnownFileType = sourcecode.swift; path = Food_ApplicationUITestsLaunchTests.swift; sourceTree = "<group>"; };
		8475392B28346D6E00CCFF90 /* RegistrationViewController.swift */ = {isa = PBXFileReference; lastKnownFileType = sourcecode.swift; path = RegistrationViewController.swift; sourceTree = "<group>"; };
		847DE30B286D9D8300E56B09 /* CathalogViewModel.swift */ = {isa = PBXFileReference; lastKnownFileType = sourcecode.swift; path = CathalogViewModel.swift; sourceTree = "<group>"; };
		849CD0572876F02F0032619E /* SplashViewController.swift */ = {isa = PBXFileReference; lastKnownFileType = sourcecode.swift; path = SplashViewController.swift; sourceTree = "<group>"; };
		849CD0592876F0B20032619E /* SplashPresenter.swift */ = {isa = PBXFileReference; lastKnownFileType = sourcecode.swift; path = SplashPresenter.swift; sourceTree = "<group>"; };
		849CD05B2876F1270032619E /* SplashAnimator.swift */ = {isa = PBXFileReference; lastKnownFileType = sourcecode.swift; path = SplashAnimator.swift; sourceTree = "<group>"; };
		849CD05D287703A70032619E /* MainTabBarViewController.swift */ = {isa = PBXFileReference; lastKnownFileType = sourcecode.swift; path = MainTabBarViewController.swift; sourceTree = "<group>"; };
		849CD05F287722840032619E /* LoadingViewController.swift */ = {isa = PBXFileReference; lastKnownFileType = sourcecode.swift; path = LoadingViewController.swift; sourceTree = "<group>"; };
		849CD0612877231F0032619E /* NavigationManager.swift */ = {isa = PBXFileReference; lastKnownFileType = sourcecode.swift; path = NavigationManager.swift; sourceTree = "<group>"; };
		849CD0652878235D0032619E /* Menu.swift */ = {isa = PBXFileReference; lastKnownFileType = sourcecode.swift; path = Menu.swift; sourceTree = "<group>"; };
		84C0FA682844AA7E006D89C9 /* DetailViewController.swift */ = {isa = PBXFileReference; lastKnownFileType = sourcecode.swift; path = DetailViewController.swift; sourceTree = "<group>"; };
		84C0FA772847C52C006D89C9 /* ListOfTheProductsCell.swift */ = {isa = PBXFileReference; lastKnownFileType = sourcecode.swift; path = ListOfTheProductsCell.swift; sourceTree = "<group>"; };
		84C0FA782847C52C006D89C9 /* ListOfTheProductsCell.xib */ = {isa = PBXFileReference; lastKnownFileType = file.xib; path = ListOfTheProductsCell.xib; sourceTree = "<group>"; };
		84C0FA7C284A38CE006D89C9 /* DetailViewModel.swift */ = {isa = PBXFileReference; lastKnownFileType = sourcecode.swift; path = DetailViewModel.swift; sourceTree = "<group>"; };
		84C0FA7E284BB2E7006D89C9 /* CartViewModel.swift */ = {isa = PBXFileReference; lastKnownFileType = sourcecode.swift; path = CartViewModel.swift; sourceTree = "<group>"; };
		84C0FA81284BB367006D89C9 /* Position.swift */ = {isa = PBXFileReference; lastKnownFileType = sourcecode.swift; path = Position.swift; sourceTree = "<group>"; };
		84C0FA83284DCBE7006D89C9 /* PositionCollectionViewCell.swift */ = {isa = PBXFileReference; lastKnownFileType = sourcecode.swift; path = PositionCollectionViewCell.swift; sourceTree = "<group>"; };
		84C0FA84284DCBE7006D89C9 /* PositionCollectionViewCell.xib */ = {isa = PBXFileReference; lastKnownFileType = file.xib; path = PositionCollectionViewCell.xib; sourceTree = "<group>"; };
		84D14F012857592700C52832 /* Order.swift */ = {isa = PBXFileReference; lastKnownFileType = sourcecode.swift; path = Order.swift; sourceTree = "<group>"; };
		84D14F0328576E1A00C52832 /* OrderStatus.swift */ = {isa = PBXFileReference; lastKnownFileType = sourcecode.swift; path = OrderStatus.swift; sourceTree = "<group>"; };
		84D902D12853629900B47152 /* GoogleService-Info.plist */ = {isa = PBXFileReference; fileEncoding = 4; lastKnownFileType = text.plist.xml; path = "GoogleService-Info.plist"; sourceTree = "<group>"; };
		84D902DB2853824000B47152 /* AuthService.swift */ = {isa = PBXFileReference; lastKnownFileType = sourcecode.swift; path = AuthService.swift; sourceTree = "<group>"; };
		84D902DD28547A0300B47152 /* MainTabBarViewModel.swift */ = {isa = PBXFileReference; lastKnownFileType = sourcecode.swift; name = MainTabBarViewModel.swift; path = ../../../../../Documents/MainTabBarViewModel.swift; sourceTree = "<group>"; };
		84D902DF28547F8300B47152 /* FirebaseUser.swift */ = {isa = PBXFileReference; lastKnownFileType = sourcecode.swift; path = FirebaseUser.swift; sourceTree = "<group>"; };
		84D902E12854808300B47152 /* DatabaseService.swift */ = {isa = PBXFileReference; lastKnownFileType = sourcecode.swift; path = DatabaseService.swift; sourceTree = "<group>"; };
		84D902E32855CB0800B47152 /* ProfileViewModel.swift */ = {isa = PBXFileReference; lastKnownFileType = sourcecode.swift; path = ProfileViewModel.swift; sourceTree = "<group>"; };
		84E7E5A8287EABB500ACE20F /* Utilities.swift */ = {isa = PBXFileReference; lastKnownFileType = sourcecode.swift; path = Utilities.swift; sourceTree = "<group>"; };
		84E7E5AA2884336F00ACE20F /* ProductListCollectionViewCell.swift */ = {isa = PBXFileReference; lastKnownFileType = sourcecode.swift; path = ProductListCollectionViewCell.swift; sourceTree = "<group>"; };
		84E7E5AB2884337000ACE20F /* ProductListCollectionViewCell.xib */ = {isa = PBXFileReference; lastKnownFileType = file.xib; path = ProductListCollectionViewCell.xib; sourceTree = "<group>"; };
		84E7E5AE2886CBDA00ACE20F /* ChooseCollectionViewCell.swift */ = {isa = PBXFileReference; lastKnownFileType = sourcecode.swift; path = ChooseCollectionViewCell.swift; sourceTree = "<group>"; };
		84E7E5AF2886CBDA00ACE20F /* ChooseCollectionViewCell.xib */ = {isa = PBXFileReference; lastKnownFileType = file.xib; path = ChooseCollectionViewCell.xib; sourceTree = "<group>"; };
/* End PBXFileReference section */

/* Begin PBXFrameworksBuildPhase section */
		847538F3283465B400CCFF90 /* Frameworks */ = {
			isa = PBXFrameworksBuildPhase;
			buildActionMask = 2147483647;
			files = (
				847DE35828741BEF00E56B09 /* SkeletonView in Frameworks */,
				84D902D5285368C300B47152 /* FirebaseAuth in Frameworks */,
				84D902D7285368C300B47152 /* FirebaseFirestore in Frameworks */,
				84D902D9285368C300B47152 /* FirebaseStorage in Frameworks */,
			);
			runOnlyForDeploymentPostprocessing = 0;
		};
		84753909283465B700CCFF90 /* Frameworks */ = {
			isa = PBXFrameworksBuildPhase;
			buildActionMask = 2147483647;
			files = (
			);
			runOnlyForDeploymentPostprocessing = 0;
		};
		84753913283465B700CCFF90 /* Frameworks */ = {
			isa = PBXFrameworksBuildPhase;
			buildActionMask = 2147483647;
			files = (
			);
			runOnlyForDeploymentPostprocessing = 0;
		};
/* End PBXFrameworksBuildPhase section */

/* Begin PBXGroup section */
		8403B3DA284F219200DC9392 /* Extensions */ = {
			isa = PBXGroup;
			children = (
				8403B3DB284F21AC00DC9392 /* String+SizeWidth.swift */,
			);
			path = Extensions;
			sourceTree = "<group>";
		};
		842251272837F4D90021EB9A /* View */ = {
			isa = PBXGroup;
			children = (
				849CD05F287722840032619E /* LoadingViewController.swift */,
				849CD0572876F02F0032619E /* SplashViewController.swift */,
				849CD0592876F0B20032619E /* SplashPresenter.swift */,
				849CD05B2876F1270032619E /* SplashAnimator.swift */,
				847538FD283465B400CCFF90 /* AuthorizationViewController.swift */,
				8475392B28346D6E00CCFF90 /* RegistrationViewController.swift */,
				84225121283517310021EB9A /* CathalogViewController.swift */,
				842251232835175D0021EB9A /* CartViewController.swift */,
				84C0FA682844AA7E006D89C9 /* DetailViewController.swift */,
				84225125283517690021EB9A /* ProfileViewController.swift */,
				8403B3DD2851D6DC00DC9392 /* ExampleViewController.swift */,
				849CD05D287703A70032619E /* MainTabBarViewController.swift */,
				843F313228A662BE00E0C44A /* ProfileDetailsViewController.swift */,
			);
			path = View;
			sourceTree = "<group>";
		};
		847538ED283465B400CCFF90 = {
			isa = PBXGroup;
			children = (
				847538F8283465B400CCFF90 /* Food Application */,
				8475390F283465B700CCFF90 /* Food ApplicationTests */,
				84753919283465B700CCFF90 /* Food ApplicationUITests */,
				847538F7283465B400CCFF90 /* Products */,
			);
			sourceTree = "<group>";
		};
		847538F7283465B400CCFF90 /* Products */ = {
			isa = PBXGroup;
			children = (
				847538F6283465B400CCFF90 /* Food Application.app */,
				8475390C283465B700CCFF90 /* Food ApplicationTests.xctest */,
				84753916283465B700CCFF90 /* Food ApplicationUITests.xctest */,
			);
			name = Products;
			sourceTree = "<group>";
		};
		847538F8283465B400CCFF90 /* Food Application */ = {
			isa = PBXGroup;
			children = (
				847538F9283465B400CCFF90 /* AppDelegate.swift */,
				847538FB283465B400CCFF90 /* SceneDelegate.swift */,
				847538FF283465B400CCFF90 /* Main.storyboard */,
				84C0FA80284BB337006D89C9 /* Model */,
				84D902DA2853821D00B47152 /* Services */,
				842251272837F4D90021EB9A /* View */,
				84C0FA7B284A389A006D89C9 /* ViewModel */,
				84C0FA762847C4C9006D89C9 /* Componets */,
				84E7E5A7287EAB7000ACE20F /* Utilities */,
				84753902283465B700CCFF90 /* Assets.xcassets */,
				84753904283465B700CCFF90 /* LaunchScreen.storyboard */,
				84D902D12853629900B47152 /* GoogleService-Info.plist */,
				84753907283465B700CCFF90 /* Info.plist */,
			);
			path = "Food Application";
			sourceTree = "<group>";
		};
		8475390F283465B700CCFF90 /* Food ApplicationTests */ = {
			isa = PBXGroup;
			children = (
				84753910283465B700CCFF90 /* Food_ApplicationTests.swift */,
			);
			path = "Food ApplicationTests";
			sourceTree = "<group>";
		};
		84753919283465B700CCFF90 /* Food ApplicationUITests */ = {
			isa = PBXGroup;
			children = (
				8475391A283465B700CCFF90 /* Food_ApplicationUITests.swift */,
				8475391C283465B700CCFF90 /* Food_ApplicationUITestsLaunchTests.swift */,
			);
			path = "Food ApplicationUITests";
			sourceTree = "<group>";
		};
		84C0FA762847C4C9006D89C9 /* Componets */ = {
			isa = PBXGroup;
			children = (
				843F312E28A0F0F500E0C44A /* ListOfProductsTableViewCell.swift */,
				843F312F28A0F0F500E0C44A /* ListOfProductsTableViewCell.xib */,
				84C0FA772847C52C006D89C9 /* ListOfTheProductsCell.swift */,
				84C0FA782847C52C006D89C9 /* ListOfTheProductsCell.xib */,
				84C0FA83284DCBE7006D89C9 /* PositionCollectionViewCell.swift */,
				84C0FA84284DCBE7006D89C9 /* PositionCollectionViewCell.xib */,
				844A2F102859EFA4007D4AAE /* OrderTableViewCell.swift */,
				844A2F112859EFA4007D4AAE /* OrderTableViewCell.xib */,
				84E7E5AA2884336F00ACE20F /* ProductListCollectionViewCell.swift */,
				84E7E5AB2884337000ACE20F /* ProductListCollectionViewCell.xib */,
				84E7E5AE2886CBDA00ACE20F /* ChooseCollectionViewCell.swift */,
				84E7E5AF2886CBDA00ACE20F /* ChooseCollectionViewCell.xib */,
				8462903D288813AF00AF7D30 /* TwoCellsTableViewCell.swift */,
				8462903E288813AF00AF7D30 /* TwoCellsTableViewCell.xib */,
				843F317228AB64EB00E0C44A /* ProfileDetailTableViewCell.swift */,
				843F317328AB64EB00E0C44A /* ProfileDetailTableViewCell.xib */,
				8403B3DA284F219200DC9392 /* Extensions */,
			);
			path = Componets;
			sourceTree = "<group>";
		};
		84C0FA7B284A389A006D89C9 /* ViewModel */ = {
			isa = PBXGroup;
			children = (
				847DE30B286D9D8300E56B09 /* CathalogViewModel.swift */,
				84D902E32855CB0800B47152 /* ProfileViewModel.swift */,
				84C0FA7C284A38CE006D89C9 /* DetailViewModel.swift */,
				84C0FA7E284BB2E7006D89C9 /* CartViewModel.swift */,
				84D902DD28547A0300B47152 /* MainTabBarViewModel.swift */,
			);
			path = ViewModel;
			sourceTree = "<group>";
		};
		84C0FA80284BB337006D89C9 /* Model */ = {
			isa = PBXGroup;
			children = (
				84D902DF28547F8300B47152 /* FirebaseUser.swift */,
				8416959E283D2F8A00506A9D /* Product.swift */,
				84C0FA81284BB367006D89C9 /* Position.swift */,
				84D14F012857592700C52832 /* Order.swift */,
				84D14F0328576E1A00C52832 /* OrderStatus.swift */,
				849CD0652878235D0032619E /* Menu.swift */,
				843F313428AA3D1200E0C44A /* ClientInformation.swift */,
			);
			path = Model;
			sourceTree = "<group>";
		};
		84D902DA2853821D00B47152 /* Services */ = {
			isa = PBXGroup;
			children = (
				84D902DB2853824000B47152 /* AuthService.swift */,
				84D902E12854808300B47152 /* DatabaseService.swift */,
				849CD0612877231F0032619E /* NavigationManager.swift */,
			);
			path = Services;
			sourceTree = "<group>";
		};
		84E7E5A7287EAB7000ACE20F /* Utilities */ = {
			isa = PBXGroup;
			children = (
				84E7E5A8287EABB500ACE20F /* Utilities.swift */,
			);
			path = Utilities;
			sourceTree = "<group>";
		};
/* End PBXGroup section */

/* Begin PBXNativeTarget section */
		847538F5283465B400CCFF90 /* Food Application */ = {
			isa = PBXNativeTarget;
			buildConfigurationList = 84753920283465B700CCFF90 /* Build configuration list for PBXNativeTarget "Food Application" */;
			buildPhases = (
				847538F2283465B400CCFF90 /* Sources */,
				847538F3283465B400CCFF90 /* Frameworks */,
				847538F4283465B400CCFF90 /* Resources */,
			);
			buildRules = (
			);
			dependencies = (
			);
			name = "Food Application";
			packageProductDependencies = (
				84D902D4285368C300B47152 /* FirebaseAuth */,
				84D902D6285368C300B47152 /* FirebaseFirestore */,
				84D902D8285368C300B47152 /* FirebaseStorage */,
				847DE35728741BEF00E56B09 /* SkeletonView */,
			);
			productName = "Food Application";
			productReference = 847538F6283465B400CCFF90 /* Food Application.app */;
			productType = "com.apple.product-type.application";
		};
		8475390B283465B700CCFF90 /* Food ApplicationTests */ = {
			isa = PBXNativeTarget;
			buildConfigurationList = 84753923283465B700CCFF90 /* Build configuration list for PBXNativeTarget "Food ApplicationTests" */;
			buildPhases = (
				84753908283465B700CCFF90 /* Sources */,
				84753909283465B700CCFF90 /* Frameworks */,
				8475390A283465B700CCFF90 /* Resources */,
			);
			buildRules = (
			);
			dependencies = (
				8475390E283465B700CCFF90 /* PBXTargetDependency */,
			);
			name = "Food ApplicationTests";
			productName = "Food ApplicationTests";
			productReference = 8475390C283465B700CCFF90 /* Food ApplicationTests.xctest */;
			productType = "com.apple.product-type.bundle.unit-test";
		};
		84753915283465B700CCFF90 /* Food ApplicationUITests */ = {
			isa = PBXNativeTarget;
			buildConfigurationList = 84753926283465B700CCFF90 /* Build configuration list for PBXNativeTarget "Food ApplicationUITests" */;
			buildPhases = (
				84753912283465B700CCFF90 /* Sources */,
				84753913283465B700CCFF90 /* Frameworks */,
				84753914283465B700CCFF90 /* Resources */,
			);
			buildRules = (
			);
			dependencies = (
				84753918283465B700CCFF90 /* PBXTargetDependency */,
			);
			name = "Food ApplicationUITests";
			productName = "Food ApplicationUITests";
			productReference = 84753916283465B700CCFF90 /* Food ApplicationUITests.xctest */;
			productType = "com.apple.product-type.bundle.ui-testing";
		};
/* End PBXNativeTarget section */

/* Begin PBXProject section */
		847538EE283465B400CCFF90 /* Project object */ = {
			isa = PBXProject;
			attributes = {
				BuildIndependentTargetsInParallel = 1;
				LastSwiftUpdateCheck = 1330;
				LastUpgradeCheck = 1330;
				TargetAttributes = {
					847538F5283465B400CCFF90 = {
						CreatedOnToolsVersion = 13.3.1;
					};
					8475390B283465B700CCFF90 = {
						CreatedOnToolsVersion = 13.3.1;
						TestTargetID = 847538F5283465B400CCFF90;
					};
					84753915283465B700CCFF90 = {
						CreatedOnToolsVersion = 13.3.1;
						TestTargetID = 847538F5283465B400CCFF90;
					};
				};
			};
			buildConfigurationList = 847538F1283465B400CCFF90 /* Build configuration list for PBXProject "Food Application" */;
			compatibilityVersion = "Xcode 13.0";
			developmentRegion = en;
			hasScannedForEncodings = 0;
			knownRegions = (
				en,
				Base,
			);
			mainGroup = 847538ED283465B400CCFF90;
			packageReferences = (
				84D902D3285368C300B47152 /* XCRemoteSwiftPackageReference "firebase-ios-sdk" */,
				847DE35628741BEF00E56B09 /* XCRemoteSwiftPackageReference "SkeletonView" */,
			);
			productRefGroup = 847538F7283465B400CCFF90 /* Products */;
			projectDirPath = "";
			projectRoot = "";
			targets = (
				847538F5283465B400CCFF90 /* Food Application */,
				8475390B283465B700CCFF90 /* Food ApplicationTests */,
				84753915283465B700CCFF90 /* Food ApplicationUITests */,
			);
		};
/* End PBXProject section */

/* Begin PBXResourcesBuildPhase section */
		847538F4283465B400CCFF90 /* Resources */ = {
			isa = PBXResourcesBuildPhase;
			buildActionMask = 2147483647;
			files = (
				84629040288813AF00AF7D30 /* TwoCellsTableViewCell.xib in Resources */,
				84753906283465B700CCFF90 /* LaunchScreen.storyboard in Resources */,
				84C0FA86284DCBE7006D89C9 /* PositionCollectionViewCell.xib in Resources */,
				84E7E5AD2884337100ACE20F /* ProductListCollectionViewCell.xib in Resources */,
				84753903283465B700CCFF90 /* Assets.xcassets in Resources */,
				84C0FA7A2847C52C006D89C9 /* ListOfTheProductsCell.xib in Resources */,
				843F317528AB64EB00E0C44A /* ProfileDetailTableViewCell.xib in Resources */,
				84753901283465B400CCFF90 /* Main.storyboard in Resources */,
				844A2F132859EFA4007D4AAE /* OrderTableViewCell.xib in Resources */,
				843F313128A0F0F500E0C44A /* ListOfProductsTableViewCell.xib in Resources */,
				84E7E5B12886CBDA00ACE20F /* ChooseCollectionViewCell.xib in Resources */,
				84D902D22853629900B47152 /* GoogleService-Info.plist in Resources */,
			);
			runOnlyForDeploymentPostprocessing = 0;
		};
		8475390A283465B700CCFF90 /* Resources */ = {
			isa = PBXResourcesBuildPhase;
			buildActionMask = 2147483647;
			files = (
			);
			runOnlyForDeploymentPostprocessing = 0;
		};
		84753914283465B700CCFF90 /* Resources */ = {
			isa = PBXResourcesBuildPhase;
			buildActionMask = 2147483647;
			files = (
			);
			runOnlyForDeploymentPostprocessing = 0;
		};
/* End PBXResourcesBuildPhase section */

/* Begin PBXSourcesBuildPhase section */
		847538F2283465B400CCFF90 /* Sources */ = {
			isa = PBXSourcesBuildPhase;
			buildActionMask = 2147483647;
			files = (
				84E7E5B02886CBDA00ACE20F /* ChooseCollectionViewCell.swift in Sources */,
				84C0FA7D284A38CE006D89C9 /* DetailViewModel.swift in Sources */,
				847538FE283465B400CCFF90 /* AuthorizationViewController.swift in Sources */,
				843F313328A662BE00E0C44A /* ProfileDetailsViewController.swift in Sources */,
				849CD05A2876F0B20032619E /* SplashPresenter.swift in Sources */,
				847DE30C286D9D8300E56B09 /* CathalogViewModel.swift in Sources */,
				847538FA283465B400CCFF90 /* AppDelegate.swift in Sources */,
				84225122283517310021EB9A /* CathalogViewController.swift in Sources */,
				84D902DE28547A0300B47152 /* MainTabBarViewModel.swift in Sources */,
				84C0FA7F284BB2E7006D89C9 /* CartViewModel.swift in Sources */,
				84D902DC2853824100B47152 /* AuthService.swift in Sources */,
				842251242835175D0021EB9A /* CartViewController.swift in Sources */,
				849CD0622877231F0032619E /* NavigationManager.swift in Sources */,
				849CD05C2876F1270032619E /* SplashAnimator.swift in Sources */,
				84C0FA82284BB367006D89C9 /* Position.swift in Sources */,
				84D902E22854808300B47152 /* DatabaseService.swift in Sources */,
				84C0FA85284DCBE7006D89C9 /* PositionCollectionViewCell.swift in Sources */,
				844A2F122859EFA4007D4AAE /* OrderTableViewCell.swift in Sources */,
				8403B3DC284F21AC00DC9392 /* String+SizeWidth.swift in Sources */,
				84225126283517690021EB9A /* ProfileViewController.swift in Sources */,
				843F317428AB64EB00E0C44A /* ProfileDetailTableViewCell.swift in Sources */,
				849CD060287722840032619E /* LoadingViewController.swift in Sources */,
				84D902E42855CB0800B47152 /* ProfileViewModel.swift in Sources */,
				843F313528AA3D1300E0C44A /* ClientInformation.swift in Sources */,
				8475392C28346D6E00CCFF90 /* RegistrationViewController.swift in Sources */,
				849CD0582876F02F0032619E /* SplashViewController.swift in Sources */,
				8416959F283D2F8A00506A9D /* Product.swift in Sources */,
				84D14F0428576E1A00C52832 /* OrderStatus.swift in Sources */,
				84E7E5A9287EABB500ACE20F /* Utilities.swift in Sources */,
				8462903F288813AF00AF7D30 /* TwoCellsTableViewCell.swift in Sources */,
				843F313028A0F0F500E0C44A /* ListOfProductsTableViewCell.swift in Sources */,
				84D14F022857592700C52832 /* Order.swift in Sources */,
				84C0FA792847C52C006D89C9 /* ListOfTheProductsCell.swift in Sources */,
				84D902E028547F8300B47152 /* FirebaseUser.swift in Sources */,
				847538FC283465B400CCFF90 /* SceneDelegate.swift in Sources */,
				849CD0662878235D0032619E /* Menu.swift in Sources */,
				84E7E5AC2884337100ACE20F /* ProductListCollectionViewCell.swift in Sources */,
				84C0FA692844AA7E006D89C9 /* DetailViewController.swift in Sources */,
				8403B3DE2851D6DC00DC9392 /* ExampleViewController.swift in Sources */,
				849CD05E287703A70032619E /* MainTabBarViewController.swift in Sources */,
			);
			runOnlyForDeploymentPostprocessing = 0;
		};
		84753908283465B700CCFF90 /* Sources */ = {
			isa = PBXSourcesBuildPhase;
			buildActionMask = 2147483647;
			files = (
				84753911283465B700CCFF90 /* Food_ApplicationTests.swift in Sources */,
			);
			runOnlyForDeploymentPostprocessing = 0;
		};
		84753912283465B700CCFF90 /* Sources */ = {
			isa = PBXSourcesBuildPhase;
			buildActionMask = 2147483647;
			files = (
				8475391B283465B700CCFF90 /* Food_ApplicationUITests.swift in Sources */,
				8475391D283465B700CCFF90 /* Food_ApplicationUITestsLaunchTests.swift in Sources */,
			);
			runOnlyForDeploymentPostprocessing = 0;
		};
/* End PBXSourcesBuildPhase section */

/* Begin PBXTargetDependency section */
		8475390E283465B700CCFF90 /* PBXTargetDependency */ = {
			isa = PBXTargetDependency;
			target = 847538F5283465B400CCFF90 /* Food Application */;
			targetProxy = 8475390D283465B700CCFF90 /* PBXContainerItemProxy */;
		};
		84753918283465B700CCFF90 /* PBXTargetDependency */ = {
			isa = PBXTargetDependency;
			target = 847538F5283465B400CCFF90 /* Food Application */;
			targetProxy = 84753917283465B700CCFF90 /* PBXContainerItemProxy */;
		};
/* End PBXTargetDependency section */

/* Begin PBXVariantGroup section */
		847538FF283465B400CCFF90 /* Main.storyboard */ = {
			isa = PBXVariantGroup;
			children = (
				84753900283465B400CCFF90 /* Base */,
			);
			name = Main.storyboard;
			sourceTree = "<group>";
		};
		84753904283465B700CCFF90 /* LaunchScreen.storyboard */ = {
			isa = PBXVariantGroup;
			children = (
				84753905283465B700CCFF90 /* Base */,
			);
			name = LaunchScreen.storyboard;
			sourceTree = "<group>";
		};
/* End PBXVariantGroup section */

/* Begin XCBuildConfiguration section */
		8475391E283465B700CCFF90 /* Debug */ = {
			isa = XCBuildConfiguration;
			buildSettings = {
				ALWAYS_SEARCH_USER_PATHS = NO;
				CLANG_ANALYZER_NONNULL = YES;
				CLANG_ANALYZER_NUMBER_OBJECT_CONVERSION = YES_AGGRESSIVE;
				CLANG_CXX_LANGUAGE_STANDARD = "gnu++17";
				CLANG_ENABLE_MODULES = YES;
				CLANG_ENABLE_OBJC_ARC = YES;
				CLANG_ENABLE_OBJC_WEAK = YES;
				CLANG_WARN_BLOCK_CAPTURE_AUTORELEASING = YES;
				CLANG_WARN_BOOL_CONVERSION = YES;
				CLANG_WARN_COMMA = YES;
				CLANG_WARN_CONSTANT_CONVERSION = YES;
				CLANG_WARN_DEPRECATED_OBJC_IMPLEMENTATIONS = YES;
				CLANG_WARN_DIRECT_OBJC_ISA_USAGE = YES_ERROR;
				CLANG_WARN_DOCUMENTATION_COMMENTS = YES;
				CLANG_WARN_EMPTY_BODY = YES;
				CLANG_WARN_ENUM_CONVERSION = YES;
				CLANG_WARN_INFINITE_RECURSION = YES;
				CLANG_WARN_INT_CONVERSION = YES;
				CLANG_WARN_NON_LITERAL_NULL_CONVERSION = YES;
				CLANG_WARN_OBJC_IMPLICIT_RETAIN_SELF = YES;
				CLANG_WARN_OBJC_LITERAL_CONVERSION = YES;
				CLANG_WARN_OBJC_ROOT_CLASS = YES_ERROR;
				CLANG_WARN_QUOTED_INCLUDE_IN_FRAMEWORK_HEADER = YES;
				CLANG_WARN_RANGE_LOOP_ANALYSIS = YES;
				CLANG_WARN_STRICT_PROTOTYPES = YES;
				CLANG_WARN_SUSPICIOUS_MOVE = YES;
				CLANG_WARN_UNGUARDED_AVAILABILITY = YES_AGGRESSIVE;
				CLANG_WARN_UNREACHABLE_CODE = YES;
				CLANG_WARN__DUPLICATE_METHOD_MATCH = YES;
				COPY_PHASE_STRIP = NO;
				DEBUG_INFORMATION_FORMAT = dwarf;
				ENABLE_STRICT_OBJC_MSGSEND = YES;
				ENABLE_TESTABILITY = YES;
				GCC_C_LANGUAGE_STANDARD = gnu11;
				GCC_DYNAMIC_NO_PIC = NO;
				GCC_NO_COMMON_BLOCKS = YES;
				GCC_OPTIMIZATION_LEVEL = 0;
				GCC_PREPROCESSOR_DEFINITIONS = (
					"DEBUG=1",
					"$(inherited)",
				);
				GCC_WARN_64_TO_32_BIT_CONVERSION = YES;
				GCC_WARN_ABOUT_RETURN_TYPE = YES_ERROR;
				GCC_WARN_UNDECLARED_SELECTOR = YES;
				GCC_WARN_UNINITIALIZED_AUTOS = YES_AGGRESSIVE;
				GCC_WARN_UNUSED_FUNCTION = YES;
				GCC_WARN_UNUSED_VARIABLE = YES;
				IPHONEOS_DEPLOYMENT_TARGET = 15.4;
				MTL_ENABLE_DEBUG_INFO = INCLUDE_SOURCE;
				MTL_FAST_MATH = YES;
				ONLY_ACTIVE_ARCH = YES;
				SDKROOT = iphoneos;
				SWIFT_ACTIVE_COMPILATION_CONDITIONS = DEBUG;
				SWIFT_OPTIMIZATION_LEVEL = "-Onone";
			};
			name = Debug;
		};
		8475391F283465B700CCFF90 /* Release */ = {
			isa = XCBuildConfiguration;
			buildSettings = {
				ALWAYS_SEARCH_USER_PATHS = NO;
				CLANG_ANALYZER_NONNULL = YES;
				CLANG_ANALYZER_NUMBER_OBJECT_CONVERSION = YES_AGGRESSIVE;
				CLANG_CXX_LANGUAGE_STANDARD = "gnu++17";
				CLANG_ENABLE_MODULES = YES;
				CLANG_ENABLE_OBJC_ARC = YES;
				CLANG_ENABLE_OBJC_WEAK = YES;
				CLANG_WARN_BLOCK_CAPTURE_AUTORELEASING = YES;
				CLANG_WARN_BOOL_CONVERSION = YES;
				CLANG_WARN_COMMA = YES;
				CLANG_WARN_CONSTANT_CONVERSION = YES;
				CLANG_WARN_DEPRECATED_OBJC_IMPLEMENTATIONS = YES;
				CLANG_WARN_DIRECT_OBJC_ISA_USAGE = YES_ERROR;
				CLANG_WARN_DOCUMENTATION_COMMENTS = YES;
				CLANG_WARN_EMPTY_BODY = YES;
				CLANG_WARN_ENUM_CONVERSION = YES;
				CLANG_WARN_INFINITE_RECURSION = YES;
				CLANG_WARN_INT_CONVERSION = YES;
				CLANG_WARN_NON_LITERAL_NULL_CONVERSION = YES;
				CLANG_WARN_OBJC_IMPLICIT_RETAIN_SELF = YES;
				CLANG_WARN_OBJC_LITERAL_CONVERSION = YES;
				CLANG_WARN_OBJC_ROOT_CLASS = YES_ERROR;
				CLANG_WARN_QUOTED_INCLUDE_IN_FRAMEWORK_HEADER = YES;
				CLANG_WARN_RANGE_LOOP_ANALYSIS = YES;
				CLANG_WARN_STRICT_PROTOTYPES = YES;
				CLANG_WARN_SUSPICIOUS_MOVE = YES;
				CLANG_WARN_UNGUARDED_AVAILABILITY = YES_AGGRESSIVE;
				CLANG_WARN_UNREACHABLE_CODE = YES;
				CLANG_WARN__DUPLICATE_METHOD_MATCH = YES;
				COPY_PHASE_STRIP = NO;
				DEBUG_INFORMATION_FORMAT = "dwarf-with-dsym";
				ENABLE_NS_ASSERTIONS = NO;
				ENABLE_STRICT_OBJC_MSGSEND = YES;
				GCC_C_LANGUAGE_STANDARD = gnu11;
				GCC_NO_COMMON_BLOCKS = YES;
				GCC_WARN_64_TO_32_BIT_CONVERSION = YES;
				GCC_WARN_ABOUT_RETURN_TYPE = YES_ERROR;
				GCC_WARN_UNDECLARED_SELECTOR = YES;
				GCC_WARN_UNINITIALIZED_AUTOS = YES_AGGRESSIVE;
				GCC_WARN_UNUSED_FUNCTION = YES;
				GCC_WARN_UNUSED_VARIABLE = YES;
				IPHONEOS_DEPLOYMENT_TARGET = 15.4;
				MTL_ENABLE_DEBUG_INFO = NO;
				MTL_FAST_MATH = YES;
				SDKROOT = iphoneos;
				SWIFT_COMPILATION_MODE = wholemodule;
				SWIFT_OPTIMIZATION_LEVEL = "-O";
				VALIDATE_PRODUCT = YES;
			};
			name = Release;
		};
		84753921283465B700CCFF90 /* Debug */ = {
			isa = XCBuildConfiguration;
			buildSettings = {
				ASSETCATALOG_COMPILER_APPICON_NAME = AppIcon;
				ASSETCATALOG_COMPILER_GLOBAL_ACCENT_COLOR_NAME = AccentColor;
				CODE_SIGN_STYLE = Automatic;
				CURRENT_PROJECT_VERSION = 1;
				DEVELOPMENT_TEAM = 9KTLTADTR6;
				GENERATE_INFOPLIST_FILE = YES;
				INFOPLIST_FILE = "Food Application/Info.plist";
				INFOPLIST_KEY_LSApplicationCategoryType = "";
				INFOPLIST_KEY_NSCameraUsageDescription = "Please allow to take a photo";
				INFOPLIST_KEY_UIApplicationSupportsIndirectInputEvents = YES;
				INFOPLIST_KEY_UILaunchStoryboardName = LaunchScreen;
				INFOPLIST_KEY_UIMainStoryboardFile = Main;
				INFOPLIST_KEY_UISupportedInterfaceOrientations = UIInterfaceOrientationPortrait;
				INFOPLIST_KEY_UISupportedInterfaceOrientations_iPad = "UIInterfaceOrientationPortrait UIInterfaceOrientationPortraitUpsideDown UIInterfaceOrientationLandscapeLeft UIInterfaceOrientationLandscapeRight";
				INFOPLIST_KEY_UISupportedInterfaceOrientations_iPhone = "UIInterfaceOrientationPortrait UIInterfaceOrientationLandscapeLeft UIInterfaceOrientationLandscapeRight";
				IPHONEOS_DEPLOYMENT_TARGET = 15.1;
				LD_RUNPATH_SEARCH_PATHS = (
					"$(inherited)",
					"@executable_path/Frameworks",
				);
				MARKETING_VERSION = 1.0;
				PRODUCT_BUNDLE_IDENTIFIER = "MyTask.Food-Application";
				PRODUCT_NAME = "$(TARGET_NAME)";
				SWIFT_EMIT_LOC_STRINGS = YES;
				SWIFT_VERSION = 5.0;
				TARGETED_DEVICE_FAMILY = "1,2";
			};
			name = Debug;
		};
		84753922283465B700CCFF90 /* Release */ = {
			isa = XCBuildConfiguration;
			buildSettings = {
				ASSETCATALOG_COMPILER_APPICON_NAME = AppIcon;
				ASSETCATALOG_COMPILER_GLOBAL_ACCENT_COLOR_NAME = AccentColor;
				CODE_SIGN_STYLE = Automatic;
				CURRENT_PROJECT_VERSION = 1;
				DEVELOPMENT_TEAM = 9KTLTADTR6;
				GENERATE_INFOPLIST_FILE = YES;
				INFOPLIST_FILE = "Food Application/Info.plist";
				INFOPLIST_KEY_LSApplicationCategoryType = "";
				INFOPLIST_KEY_NSCameraUsageDescription = "Please allow to take a photo";
				INFOPLIST_KEY_UIApplicationSupportsIndirectInputEvents = YES;
				INFOPLIST_KEY_UILaunchStoryboardName = LaunchScreen;
				INFOPLIST_KEY_UIMainStoryboardFile = Main;
				INFOPLIST_KEY_UISupportedInterfaceOrientations = UIInterfaceOrientationPortrait;
				INFOPLIST_KEY_UISupportedInterfaceOrientations_iPad = "UIInterfaceOrientationPortrait UIInterfaceOrientationPortraitUpsideDown UIInterfaceOrientationLandscapeLeft UIInterfaceOrientationLandscapeRight";
				INFOPLIST_KEY_UISupportedInterfaceOrientations_iPhone = "UIInterfaceOrientationPortrait UIInterfaceOrientationLandscapeLeft UIInterfaceOrientationLandscapeRight";
				IPHONEOS_DEPLOYMENT_TARGET = 15.1;
				LD_RUNPATH_SEARCH_PATHS = (
					"$(inherited)",
					"@executable_path/Frameworks",
				);
				MARKETING_VERSION = 1.0;
				PRODUCT_BUNDLE_IDENTIFIER = "MyTask.Food-Application";
				PRODUCT_NAME = "$(TARGET_NAME)";
				SWIFT_EMIT_LOC_STRINGS = YES;
				SWIFT_VERSION = 5.0;
				TARGETED_DEVICE_FAMILY = "1,2";
			};
			name = Release;
		};
		84753924283465B700CCFF90 /* Debug */ = {
			isa = XCBuildConfiguration;
			buildSettings = {
				ALWAYS_EMBED_SWIFT_STANDARD_LIBRARIES = YES;
				BUNDLE_LOADER = "$(TEST_HOST)";
				CODE_SIGN_STYLE = Automatic;
				CURRENT_PROJECT_VERSION = 1;
				DEVELOPMENT_TEAM = 3HCY3HR23S;
				GENERATE_INFOPLIST_FILE = YES;
				IPHONEOS_DEPLOYMENT_TARGET = 15.4;
				MARKETING_VERSION = 1.0;
				PRODUCT_BUNDLE_IDENTIFIER = "MyTask.Food-ApplicationTests";
				PRODUCT_NAME = "$(TARGET_NAME)";
				SWIFT_EMIT_LOC_STRINGS = NO;
				SWIFT_VERSION = 5.0;
				TARGETED_DEVICE_FAMILY = "1,2";
				TEST_HOST = "$(BUILT_PRODUCTS_DIR)/Food Application.app/Food Application";
			};
			name = Debug;
		};
		84753925283465B700CCFF90 /* Release */ = {
			isa = XCBuildConfiguration;
			buildSettings = {
				ALWAYS_EMBED_SWIFT_STANDARD_LIBRARIES = YES;
				BUNDLE_LOADER = "$(TEST_HOST)";
				CODE_SIGN_STYLE = Automatic;
				CURRENT_PROJECT_VERSION = 1;
				DEVELOPMENT_TEAM = 3HCY3HR23S;
				GENERATE_INFOPLIST_FILE = YES;
				IPHONEOS_DEPLOYMENT_TARGET = 15.4;
				MARKETING_VERSION = 1.0;
				PRODUCT_BUNDLE_IDENTIFIER = "MyTask.Food-ApplicationTests";
				PRODUCT_NAME = "$(TARGET_NAME)";
				SWIFT_EMIT_LOC_STRINGS = NO;
				SWIFT_VERSION = 5.0;
				TARGETED_DEVICE_FAMILY = "1,2";
				TEST_HOST = "$(BUILT_PRODUCTS_DIR)/Food Application.app/Food Application";
			};
			name = Release;
		};
		84753927283465B700CCFF90 /* Debug */ = {
			isa = XCBuildConfiguration;
			buildSettings = {
				ALWAYS_EMBED_SWIFT_STANDARD_LIBRARIES = YES;
				CODE_SIGN_STYLE = Automatic;
				CURRENT_PROJECT_VERSION = 1;
				DEVELOPMENT_TEAM = 3HCY3HR23S;
				GENERATE_INFOPLIST_FILE = YES;
				MARKETING_VERSION = 1.0;
				PRODUCT_BUNDLE_IDENTIFIER = "MyTask.Food-ApplicationUITests";
				PRODUCT_NAME = "$(TARGET_NAME)";
				SWIFT_EMIT_LOC_STRINGS = NO;
				SWIFT_VERSION = 5.0;
				TARGETED_DEVICE_FAMILY = "1,2";
				TEST_TARGET_NAME = "Food Application";
			};
			name = Debug;
		};
		84753928283465B700CCFF90 /* Release */ = {
			isa = XCBuildConfiguration;
			buildSettings = {
				ALWAYS_EMBED_SWIFT_STANDARD_LIBRARIES = YES;
				CODE_SIGN_STYLE = Automatic;
				CURRENT_PROJECT_VERSION = 1;
				DEVELOPMENT_TEAM = 3HCY3HR23S;
				GENERATE_INFOPLIST_FILE = YES;
				MARKETING_VERSION = 1.0;
				PRODUCT_BUNDLE_IDENTIFIER = "MyTask.Food-ApplicationUITests";
				PRODUCT_NAME = "$(TARGET_NAME)";
				SWIFT_EMIT_LOC_STRINGS = NO;
				SWIFT_VERSION = 5.0;
				TARGETED_DEVICE_FAMILY = "1,2";
				TEST_TARGET_NAME = "Food Application";
			};
			name = Release;
		};
/* End XCBuildConfiguration section */

/* Begin XCConfigurationList section */
		847538F1283465B400CCFF90 /* Build configuration list for PBXProject "Food Application" */ = {
			isa = XCConfigurationList;
			buildConfigurations = (
				8475391E283465B700CCFF90 /* Debug */,
				8475391F283465B700CCFF90 /* Release */,
			);
			defaultConfigurationIsVisible = 0;
			defaultConfigurationName = Release;
		};
		84753920283465B700CCFF90 /* Build configuration list for PBXNativeTarget "Food Application" */ = {
			isa = XCConfigurationList;
			buildConfigurations = (
				84753921283465B700CCFF90 /* Debug */,
				84753922283465B700CCFF90 /* Release */,
			);
			defaultConfigurationIsVisible = 0;
			defaultConfigurationName = Release;
		};
		84753923283465B700CCFF90 /* Build configuration list for PBXNativeTarget "Food ApplicationTests" */ = {
			isa = XCConfigurationList;
			buildConfigurations = (
				84753924283465B700CCFF90 /* Debug */,
				84753925283465B700CCFF90 /* Release */,
			);
			defaultConfigurationIsVisible = 0;
			defaultConfigurationName = Release;
		};
		84753926283465B700CCFF90 /* Build configuration list for PBXNativeTarget "Food ApplicationUITests" */ = {
			isa = XCConfigurationList;
			buildConfigurations = (
				84753927283465B700CCFF90 /* Debug */,
				84753928283465B700CCFF90 /* Release */,
			);
			defaultConfigurationIsVisible = 0;
			defaultConfigurationName = Release;
		};
/* End XCConfigurationList section */

/* Begin XCRemoteSwiftPackageReference section */
		847DE35628741BEF00E56B09 /* XCRemoteSwiftPackageReference "SkeletonView" */ = {
			isa = XCRemoteSwiftPackageReference;
			repositoryURL = "https://github.com/Juanpe/SkeletonView";
			requirement = {
				kind = exactVersion;
				version = 1.9.0;
			};
		};
		84D902D3285368C300B47152 /* XCRemoteSwiftPackageReference "firebase-ios-sdk" */ = {
			isa = XCRemoteSwiftPackageReference;
			repositoryURL = "https://github.com/firebase/firebase-ios-sdk";
			requirement = {
				kind = exactVersion;
				version = 9.1.0;
			};
		};
/* End XCRemoteSwiftPackageReference section */

/* Begin XCSwiftPackageProductDependency section */
		847DE35728741BEF00E56B09 /* SkeletonView */ = {
			isa = XCSwiftPackageProductDependency;
			package = 847DE35628741BEF00E56B09 /* XCRemoteSwiftPackageReference "SkeletonView" */;
			productName = SkeletonView;
		};
		84D902D4285368C300B47152 /* FirebaseAuth */ = {
			isa = XCSwiftPackageProductDependency;
			package = 84D902D3285368C300B47152 /* XCRemoteSwiftPackageReference "firebase-ios-sdk" */;
			productName = FirebaseAuth;
		};
		84D902D6285368C300B47152 /* FirebaseFirestore */ = {
			isa = XCSwiftPackageProductDependency;
			package = 84D902D3285368C300B47152 /* XCRemoteSwiftPackageReference "firebase-ios-sdk" */;
			productName = FirebaseFirestore;
		};
		84D902D8285368C300B47152 /* FirebaseStorage */ = {
			isa = XCSwiftPackageProductDependency;
			package = 84D902D3285368C300B47152 /* XCRemoteSwiftPackageReference "firebase-ios-sdk" */;
			productName = FirebaseStorage;
		};
/* End XCSwiftPackageProductDependency section */
	};
	rootObject = 847538EE283465B400CCFF90 /* Project object */;
}
